
Microsoft Visual Studio Solution File, Format Version 12.00
# Visual Studio Version 17
VisualStudioVersion = 17.0.32929.387
MinimumVisualStudioVersion = 15.0.26124.0
Project("{9A19103F-16F7-4668-BE54-9A1E7A4F7556}") = "HelperProject", "HelperProject\HelperProject.csproj", "{10BE2BD7-B62B-45F0-8F29-AD83F45D0772}"
EndProject
Project("{FAE04EC0-301F-11D3-BF4B-00C04F79EFBC}") = "Problem", "Program\Problem.csproj", "{ABE51711-36B2-4030-9B37-110B52A9C57B}"
	ProjectSection(ProjectDependencies) = postProject
		{10BE2BD7-B62B-45F0-8F29-AD83F45D0772} = {10BE2BD7-B62B-45F0-8F29-AD83F45D0772}
	EndProjectSection
EndProject
Global
	GlobalSection(SolutionConfigurationPlatforms) = preSolution
		Debug|Any CPU = Debug|Any CPU
		Debug|x64 = Debug|x64
		Debug|x86 = Debug|x86
		Release|Any CPU = Release|Any CPU
		Release|x64 = Release|x64
		Release|x86 = Release|x86
	EndGlobalSection
	GlobalSection(ProjectConfigurationPlatforms) = postSolution
		{10BE2BD7-B62B-45F0-8F29-AD83F45D0772}.Debug|Any CPU.ActiveCfg = Debug|Any CPU
		{10BE2BD7-B62B-45F0-8F29-AD83F45D0772}.Debug|Any CPU.Build.0 = Debug|Any CPU
		{10BE2BD7-B62B-45F0-8F29-AD83F45D0772}.Debug|x64.ActiveCfg = Debug|Any CPU
		{10BE2BD7-B62B-45F0-8F29-AD83F45D0772}.Debug|x64.Build.0 = Debug|Any CPU
		{10BE2BD7-B62B-45F0-8F29-AD83F45D0772}.Debug|x86.ActiveCfg = Debug|Any CPU
		{10BE2BD7-B62B-45F0-8F29-AD83F45D0772}.Debug|x86.Build.0 = Debug|Any CPU
		{10BE2BD7-B62B-45F0-8F29-AD83F45D0772}.Release|Any CPU.ActiveCfg = Release|Any CPU
		{10BE2BD7-B62B-45F0-8F29-AD83F45D0772}.Release|Any CPU.Build.0 = Release|Any CPU
		{10BE2BD7-B62B-45F0-8F29-AD83F45D0772}.Release|x64.ActiveCfg = Release|Any CPU
		{10BE2BD7-B62B-45F0-8F29-AD83F45D0772}.Release|x64.Build.0 = Release|Any CPU
		{10BE2BD7-B62B-45F0-8F29-AD83F45D0772}.Release|x86.ActiveCfg = Release|Any CPU
		{10BE2BD7-B62B-45F0-8F29-AD83F45D0772}.Release|x86.Build.0 = Release|Any CPU
		{ABE51711-36B2-4030-9B37-110B52A9C57B}.Debug|Any CPU.ActiveCfg = Debug|Any CPU
		{ABE51711-36B2-4030-9B37-110B52A9C57B}.Debug|Any CPU.Build.0 = Debug|Any CPU
		{ABE51711-36B2-4030-9B37-110B52A9C57B}.Debug|x64.ActiveCfg = Debug|Any CPU
		{ABE51711-36B2-4030-9B37-110B52A9C57B}.Debug|x64.Build.0 = Debug|Any CPU
		{ABE51711-36B2-4030-9B37-110B52A9C57B}.Debug|x86.ActiveCfg = Debug|Any CPU
		{ABE51711-36B2-4030-9B37-110B52A9C57B}.Debug|x86.Build.0 = Debug|Any CPU
		{ABE51711-36B2-4030-9B37-110B52A9C57B}.Release|Any CPU.ActiveCfg = Release|Any CPU
		{ABE51711-36B2-4030-9B37-110B52A9C57B}.Release|Any CPU.Build.0 = Release|Any CPU
		{ABE51711-36B2-4030-9B37-110B52A9C57B}.Release|x64.ActiveCfg = Release|Any CPU
		{ABE51711-36B2-4030-9B37-110B52A9C57B}.Release|x64.Build.0 = Release|Any CPU
		{ABE51711-36B2-4030-9B37-110B52A9C57B}.Release|x86.ActiveCfg = Release|Any CPU
		{ABE51711-36B2-4030-9B37-110B52A9C57B}.Release|x86.Build.0 = Release|Any CPU
	EndGlobalSection
	GlobalSection(SolutionProperties) = preSolution
		HideSolutionNode = FALSE
	EndGlobalSection
	GlobalSection(ExtensibilityGlobals) = postSolution
		SolutionGuid = {ECE56433-4950-4A49-9FA9-F1C62FDF46CE}
	EndGlobalSection
EndGlobal
