
Microsoft Visual Studio Solution File, Format Version 12.00
# Visual Studio Version 17
VisualStudioVersion = 17.2.32516.85
MinimumVisualStudioVersion = 15.0.26124.0
Project("{9A19103F-16F7-4668-BE54-9A1E7A4F7556}") = "MonkAndRotation", "MonkAndRotation\MonkAndRotation.csproj", "{A7B5CA91-D2F0-4588-968A-5BDD2162C7AA}"
EndProject
Project("{9A19103F-16F7-4668-BE54-9A1E7A4F7556}") = "HelperProject", "HelperProject\HelperProject.csproj", "{10BE2BD7-B62B-45F0-8F29-AD83F45D0772}"
EndProject
Project("{9A19103F-16F7-4668-BE54-9A1E7A4F7556}") = "ThoughtWorks", "ThoughtWorks\ThoughtWorks.csproj", "{76B1C120-8586-48B5-AC4A-4E1DC6FCC00D}"
EndProject
Project("{9A19103F-16F7-4668-BE54-9A1E7A4F7556}") = "GoogleKickStart", "GoogleKickStart\GoogleKickStart.csproj", "{5D5C63D8-6434-4C8F-941F-6643ED5261F9}"
EndProject
Project("{FAE04EC0-301F-11D3-BF4B-00C04F79EFBC}") = "PastProblems", "PastProblems\PastProblems.csproj", "{EF6BE57E-B76C-4612-8666-16FEAB171453}"
EndProject
Global
	GlobalSection(SolutionConfigurationPlatforms) = preSolution
		Debug|Any CPU = Debug|Any CPU
		Debug|x64 = Debug|x64
		Debug|x86 = Debug|x86
		Release|Any CPU = Release|Any CPU
		Release|x64 = Release|x64
		Release|x86 = Release|x86
	EndGlobalSection
	GlobalSection(ProjectConfigurationPlatforms) = postSolution
		{A7B5CA91-D2F0-4588-968A-5BDD2162C7AA}.Debug|Any CPU.ActiveCfg = Debug|Any CPU
		{A7B5CA91-D2F0-4588-968A-5BDD2162C7AA}.Debug|Any CPU.Build.0 = Debug|Any CPU
		{A7B5CA91-D2F0-4588-968A-5BDD2162C7AA}.Debug|x64.ActiveCfg = Debug|Any CPU
		{A7B5CA91-D2F0-4588-968A-5BDD2162C7AA}.Debug|x64.Build.0 = Debug|Any CPU
		{A7B5CA91-D2F0-4588-968A-5BDD2162C7AA}.Debug|x86.ActiveCfg = Debug|Any CPU
		{A7B5CA91-D2F0-4588-968A-5BDD2162C7AA}.Debug|x86.Build.0 = Debug|Any CPU
		{A7B5CA91-D2F0-4588-968A-5BDD2162C7AA}.Release|Any CPU.ActiveCfg = Release|Any CPU
		{A7B5CA91-D2F0-4588-968A-5BDD2162C7AA}.Release|Any CPU.Build.0 = Release|Any CPU
		{A7B5CA91-D2F0-4588-968A-5BDD2162C7AA}.Release|x64.ActiveCfg = Release|Any CPU
		{A7B5CA91-D2F0-4588-968A-5BDD2162C7AA}.Release|x64.Build.0 = Release|Any CPU
		{A7B5CA91-D2F0-4588-968A-5BDD2162C7AA}.Release|x86.ActiveCfg = Release|Any CPU
		{A7B5CA91-D2F0-4588-968A-5BDD2162C7AA}.Release|x86.Build.0 = Release|Any CPU
		{10BE2BD7-B62B-45F0-8F29-AD83F45D0772}.Debug|Any CPU.ActiveCfg = Debug|Any CPU
		{10BE2BD7-B62B-45F0-8F29-AD83F45D0772}.Debug|Any CPU.Build.0 = Debug|Any CPU
		{10BE2BD7-B62B-45F0-8F29-AD83F45D0772}.Debug|x64.ActiveCfg = Debug|Any CPU
		{10BE2BD7-B62B-45F0-8F29-AD83F45D0772}.Debug|x64.Build.0 = Debug|Any CPU
		{10BE2BD7-B62B-45F0-8F29-AD83F45D0772}.Debug|x86.ActiveCfg = Debug|Any CPU
		{10BE2BD7-B62B-45F0-8F29-AD83F45D0772}.Debug|x86.Build.0 = Debug|Any CPU
		{10BE2BD7-B62B-45F0-8F29-AD83F45D0772}.Release|Any CPU.ActiveCfg = Release|Any CPU
		{10BE2BD7-B62B-45F0-8F29-AD83F45D0772}.Release|Any CPU.Build.0 = Release|Any CPU
		{10BE2BD7-B62B-45F0-8F29-AD83F45D0772}.Release|x64.ActiveCfg = Release|Any CPU
		{10BE2BD7-B62B-45F0-8F29-AD83F45D0772}.Release|x64.Build.0 = Release|Any CPU
		{10BE2BD7-B62B-45F0-8F29-AD83F45D0772}.Release|x86.ActiveCfg = Release|Any CPU
		{10BE2BD7-B62B-45F0-8F29-AD83F45D0772}.Release|x86.Build.0 = Release|Any CPU
		{76B1C120-8586-48B5-AC4A-4E1DC6FCC00D}.Debug|Any CPU.ActiveCfg = Debug|Any CPU
		{76B1C120-8586-48B5-AC4A-4E1DC6FCC00D}.Debug|Any CPU.Build.0 = Debug|Any CPU
		{76B1C120-8586-48B5-AC4A-4E1DC6FCC00D}.Debug|x64.ActiveCfg = Debug|Any CPU
		{76B1C120-8586-48B5-AC4A-4E1DC6FCC00D}.Debug|x64.Build.0 = Debug|Any CPU
		{76B1C120-8586-48B5-AC4A-4E1DC6FCC00D}.Debug|x86.ActiveCfg = Debug|Any CPU
		{76B1C120-8586-48B5-AC4A-4E1DC6FCC00D}.Debug|x86.Build.0 = Debug|Any CPU
		{76B1C120-8586-48B5-AC4A-4E1DC6FCC00D}.Release|Any CPU.ActiveCfg = Release|Any CPU
		{76B1C120-8586-48B5-AC4A-4E1DC6FCC00D}.Release|Any CPU.Build.0 = Release|Any CPU
		{76B1C120-8586-48B5-AC4A-4E1DC6FCC00D}.Release|x64.ActiveCfg = Release|Any CPU
		{76B1C120-8586-48B5-AC4A-4E1DC6FCC00D}.Release|x64.Build.0 = Release|Any CPU
		{76B1C120-8586-48B5-AC4A-4E1DC6FCC00D}.Release|x86.ActiveCfg = Release|Any CPU
		{76B1C120-8586-48B5-AC4A-4E1DC6FCC00D}.Release|x86.Build.0 = Release|Any CPU
		{5D5C63D8-6434-4C8F-941F-6643ED5261F9}.Debug|Any CPU.ActiveCfg = Debug|Any CPU
		{5D5C63D8-6434-4C8F-941F-6643ED5261F9}.Debug|Any CPU.Build.0 = Debug|Any CPU
		{5D5C63D8-6434-4C8F-941F-6643ED5261F9}.Debug|x64.ActiveCfg = Debug|Any CPU
		{5D5C63D8-6434-4C8F-941F-6643ED5261F9}.Debug|x64.Build.0 = Debug|Any CPU
		{5D5C63D8-6434-4C8F-941F-6643ED5261F9}.Debug|x86.ActiveCfg = Debug|Any CPU
		{5D5C63D8-6434-4C8F-941F-6643ED5261F9}.Debug|x86.Build.0 = Debug|Any CPU
		{5D5C63D8-6434-4C8F-941F-6643ED5261F9}.Release|Any CPU.ActiveCfg = Release|Any CPU
		{5D5C63D8-6434-4C8F-941F-6643ED5261F9}.Release|Any CPU.Build.0 = Release|Any CPU
		{5D5C63D8-6434-4C8F-941F-6643ED5261F9}.Release|x64.ActiveCfg = Release|Any CPU
		{5D5C63D8-6434-4C8F-941F-6643ED5261F9}.Release|x64.Build.0 = Release|Any CPU
		{5D5C63D8-6434-4C8F-941F-6643ED5261F9}.Release|x86.ActiveCfg = Release|Any CPU
		{5D5C63D8-6434-4C8F-941F-6643ED5261F9}.Release|x86.Build.0 = Release|Any CPU
		{EF6BE57E-B76C-4612-8666-16FEAB171453}.Debug|Any CPU.ActiveCfg = Debug|Any CPU
		{EF6BE57E-B76C-4612-8666-16FEAB171453}.Debug|Any CPU.Build.0 = Debug|Any CPU
		{EF6BE57E-B76C-4612-8666-16FEAB171453}.Debug|x64.ActiveCfg = Debug|Any CPU
		{EF6BE57E-B76C-4612-8666-16FEAB171453}.Debug|x64.Build.0 = Debug|Any CPU
		{EF6BE57E-B76C-4612-8666-16FEAB171453}.Debug|x86.ActiveCfg = Debug|Any CPU
		{EF6BE57E-B76C-4612-8666-16FEAB171453}.Debug|x86.Build.0 = Debug|Any CPU
		{EF6BE57E-B76C-4612-8666-16FEAB171453}.Release|Any CPU.ActiveCfg = Release|Any CPU
		{EF6BE57E-B76C-4612-8666-16FEAB171453}.Release|Any CPU.Build.0 = Release|Any CPU
		{EF6BE57E-B76C-4612-8666-16FEAB171453}.Release|x64.ActiveCfg = Release|Any CPU
		{EF6BE57E-B76C-4612-8666-16FEAB171453}.Release|x64.Build.0 = Release|Any CPU
		{EF6BE57E-B76C-4612-8666-16FEAB171453}.Release|x86.ActiveCfg = Release|Any CPU
		{EF6BE57E-B76C-4612-8666-16FEAB171453}.Release|x86.Build.0 = Release|Any CPU
	EndGlobalSection
	GlobalSection(SolutionProperties) = preSolution
		HideSolutionNode = FALSE
	EndGlobalSection
	GlobalSection(ExtensibilityGlobals) = postSolution
		SolutionGuid = {ECE56433-4950-4A49-9FA9-F1C62FDF46CE}
	EndGlobalSection
EndGlobal
